// !$*UTF8*$!
{
	archiveVersion = 1;
	classes = {
	};
	objectVersion = 46;
	objects = {

/* Begin PBXBuildFile section */
		229B1945199EFD35007B43A6 /* Foundation.framework in Frameworks */ = {isa = PBXBuildFile; fileRef = 229B1944199EFD35007B43A6 /* Foundation.framework */; };
		229B1947199EFD36007B43A6 /* CoreGraphics.framework in Frameworks */ = {isa = PBXBuildFile; fileRef = 229B1946199EFD36007B43A6 /* CoreGraphics.framework */; };
		229B1949199EFD36007B43A6 /* UIKit.framework in Frameworks */ = {isa = PBXBuildFile; fileRef = 229B1948199EFD36007B43A6 /* UIKit.framework */; };
		229B194F199EFD36007B43A6 /* InfoPlist.strings in Resources */ = {isa = PBXBuildFile; fileRef = 229B194D199EFD36007B43A6 /* InfoPlist.strings */; };
		229B1951199EFD36007B43A6 /* main.m in Sources */ = {isa = PBXBuildFile; fileRef = 229B1950199EFD36007B43A6 /* main.m */; };
		229B1955199EFD36007B43A6 /* AppDelegate.m in Sources */ = {isa = PBXBuildFile; fileRef = 229B1954199EFD36007B43A6 /* AppDelegate.m */; };
		229B1958199EFD36007B43A6 /* Main.storyboard in Resources */ = {isa = PBXBuildFile; fileRef = 229B1956199EFD36007B43A6 /* Main.storyboard */; };
		229B195B199EFD36007B43A6 /* ViewController.m in Sources */ = {isa = PBXBuildFile; fileRef = 229B195A199EFD36007B43A6 /* ViewController.m */; };
		229B195D199EFD36007B43A6 /* Images.xcassets in Resources */ = {isa = PBXBuildFile; fileRef = 229B195C199EFD36007B43A6 /* Images.xcassets */; };
		229B1964199EFD36007B43A6 /* XCTest.framework in Frameworks */ = {isa = PBXBuildFile; fileRef = 229B1963199EFD36007B43A6 /* XCTest.framework */; };
		229B1965199EFD36007B43A6 /* Foundation.framework in Frameworks */ = {isa = PBXBuildFile; fileRef = 229B1944199EFD35007B43A6 /* Foundation.framework */; };
		229B1966199EFD36007B43A6 /* UIKit.framework in Frameworks */ = {isa = PBXBuildFile; fileRef = 229B1948199EFD36007B43A6 /* UIKit.framework */; };
		229B196E199EFD36007B43A6 /* InfoPlist.strings in Resources */ = {isa = PBXBuildFile; fileRef = 229B196C199EFD36007B43A6 /* InfoPlist.strings */; };
		229B1970199EFD36007B43A6 /* week7Tests.m in Sources */ = {isa = PBXBuildFile; fileRef = 229B196F199EFD36007B43A6 /* week7Tests.m */; };
		22FEE20C199EFFC00046DC74 /* ChatSvc.m in Sources */ = {isa = PBXBuildFile; fileRef = 22FEE20B199EFFC00046DC74 /* ChatSvc.m */; };
/* End PBXBuildFile section */

/* Begin PBXContainerItemProxy section */
		229B1967199EFD36007B43A6 /* PBXContainerItemProxy */ = {
			isa = PBXContainerItemProxy;
			containerPortal = 229B1939199EFD35007B43A6 /* Project object */;
			proxyType = 1;
			remoteGlobalIDString = 229B1940199EFD35007B43A6;
			remoteInfo = week7;
		};
/* End PBXContainerItemProxy section */

/* Begin PBXFileReference section */
		229B1941199EFD35007B43A6 /* week7.app */ = {isa = PBXFileReference; explicitFileType = wrapper.application; includeInIndex = 0; path = week7.app; sourceTree = BUILT_PRODUCTS_DIR; };
		229B1944199EFD35007B43A6 /* Foundation.framework */ = {isa = PBXFileReference; lastKnownFileType = wrapper.framework; name = Foundation.framework; path = System/Library/Frameworks/Foundation.framework; sourceTree = SDKROOT; };
		229B1946199EFD36007B43A6 /* CoreGraphics.framework */ = {isa = PBXFileReference; lastKnownFileType = wrapper.framework; name = CoreGraphics.framework; path = System/Library/Frameworks/CoreGraphics.framework; sourceTree = SDKROOT; };
		229B1948199EFD36007B43A6 /* UIKit.framework */ = {isa = PBXFileReference; lastKnownFileType = wrapper.framework; name = UIKit.framework; path = System/Library/Frameworks/UIKit.framework; sourceTree = SDKROOT; };
		229B194C199EFD36007B43A6 /* week7-Info.plist */ = {isa = PBXFileReference; lastKnownFileType = text.plist.xml; path = "week7-Info.plist"; sourceTree = "<group>"; };
		229B194E199EFD36007B43A6 /* en */ = {isa = PBXFileReference; lastKnownFileType = text.plist.strings; name = en; path = en.lproj/InfoPlist.strings; sourceTree = "<group>"; };
		229B1950199EFD36007B43A6 /* main.m */ = {isa = PBXFileReference; lastKnownFileType = sourcecode.c.objc; path = main.m; sourceTree = "<group>"; };
		229B1952199EFD36007B43A6 /* week7-Prefix.pch */ = {isa = PBXFileReference; lastKnownFileType = sourcecode.c.h; path = "week7-Prefix.pch"; sourceTree = "<group>"; };
		229B1953199EFD36007B43A6 /* AppDelegate.h */ = {isa = PBXFileReference; lastKnownFileType = sourcecode.c.h; path = AppDelegate.h; sourceTree = "<group>"; };
		229B1954199EFD36007B43A6 /* AppDelegate.m */ = {isa = PBXFileReference; lastKnownFileType = sourcecode.c.objc; path = AppDelegate.m; sourceTree = "<group>"; };
		229B1957199EFD36007B43A6 /* Base */ = {isa = PBXFileReference; lastKnownFileType = file.storyboard; name = Base; path = Base.lproj/Main.storyboard; sourceTree = "<group>"; };
		229B1959199EFD36007B43A6 /* ViewController.h */ = {isa = PBXFileReference; lastKnownFileType = sourcecode.c.h; path = ViewController.h; sourceTree = "<group>"; };
		229B195A199EFD36007B43A6 /* ViewController.m */ = {isa = PBXFileReference; lastKnownFileType = sourcecode.c.objc; path = ViewController.m; sourceTree = "<group>"; };
		229B195C199EFD36007B43A6 /* Images.xcassets */ = {isa = PBXFileReference; lastKnownFileType = folder.assetcatalog; path = Images.xcassets; sourceTree = "<group>"; };
		229B1962199EFD36007B43A6 /* week7Tests.xctest */ = {isa = PBXFileReference; explicitFileType = wrapper.cfbundle; includeInIndex = 0; path = week7Tests.xctest; sourceTree = BUILT_PRODUCTS_DIR; };
		229B1963199EFD36007B43A6 /* XCTest.framework */ = {isa = PBXFileReference; lastKnownFileType = wrapper.framework; name = XCTest.framework; path = Library/Frameworks/XCTest.framework; sourceTree = DEVELOPER_DIR; };
		229B196B199EFD36007B43A6 /* week7Tests-Info.plist */ = {isa = PBXFileReference; lastKnownFileType = text.plist.xml; path = "week7Tests-Info.plist"; sourceTree = "<group>"; };
		229B196D199EFD36007B43A6 /* en */ = {isa = PBXFileReference; lastKnownFileType = text.plist.strings; name = en; path = en.lproj/InfoPlist.strings; sourceTree = "<group>"; };
		229B196F199EFD36007B43A6 /* week7Tests.m */ = {isa = PBXFileReference; lastKnownFileType = sourcecode.c.objc; path = week7Tests.m; sourceTree = "<group>"; };
		22FEE20A199EFFC00046DC74 /* ChatSvc.h */ = {isa = PBXFileReference; fileEncoding = 4; lastKnownFileType = sourcecode.c.h; path = ChatSvc.h; sourceTree = "<group>"; };
		22FEE20B199EFFC00046DC74 /* ChatSvc.m */ = {isa = PBXFileReference; fileEncoding = 4; lastKnownFileType = sourcecode.c.objc; path = ChatSvc.m; sourceTree = "<group>"; };
/* End PBXFileReference section */

/* Begin PBXFrameworksBuildPhase section */
		229B193E199EFD35007B43A6 /* Frameworks */ = {
			isa = PBXFrameworksBuildPhase;
			buildActionMask = 2147483647;
			files = (
				229B1947199EFD36007B43A6 /* CoreGraphics.framework in Frameworks */,
				229B1949199EFD36007B43A6 /* UIKit.framework in Frameworks */,
				229B1945199EFD35007B43A6 /* Foundation.framework in Frameworks */,
			);
			runOnlyForDeploymentPostprocessing = 0;
		};
		229B195F199EFD36007B43A6 /* Frameworks */ = {
			isa = PBXFrameworksBuildPhase;
			buildActionMask = 2147483647;
			files = (
				229B1964199EFD36007B43A6 /* XCTest.framework in Frameworks */,
				229B1966199EFD36007B43A6 /* UIKit.framework in Frameworks */,
				229B1965199EFD36007B43A6 /* Foundation.framework in Frameworks */,
			);
			runOnlyForDeploymentPostprocessing = 0;
		};
/* End PBXFrameworksBuildPhase section */

/* Begin PBXGroup section */
		229B1938199EFD35007B43A6 = {
			isa = PBXGroup;
			children = (
				229B194A199EFD36007B43A6 /* week7 */,
				229B1969199EFD36007B43A6 /* week7Tests */,
				229B1943199EFD35007B43A6 /* Frameworks */,
				229B1942199EFD35007B43A6 /* Products */,
			);
			sourceTree = "<group>";
		};
		229B1942199EFD35007B43A6 /* Products */ = {
			isa = PBXGroup;
			children = (
				229B1941199EFD35007B43A6 /* week7.app */,
				229B1962199EFD36007B43A6 /* week7Tests.xctest */,
			);
			name = Products;
			sourceTree = "<group>";
		};
		229B1943199EFD35007B43A6 /* Frameworks */ = {
			isa = PBXGroup;
			children = (
				229B1944199EFD35007B43A6 /* Foundation.framework */,
				229B1946199EFD36007B43A6 /* CoreGraphics.framework */,
				229B1948199EFD36007B43A6 /* UIKit.framework */,
				229B1963199EFD36007B43A6 /* XCTest.framework */,
			);
			name = Frameworks;
			sourceTree = "<group>";
		};
		229B194A199EFD36007B43A6 /* week7 */ = {
			isa = PBXGroup;
			children = (
				22FEE20A199EFFC00046DC74 /* ChatSvc.h */,
				22FEE20B199EFFC00046DC74 /* ChatSvc.m */,
				229B1953199EFD36007B43A6 /* AppDelegate.h */,
				229B1954199EFD36007B43A6 /* AppDelegate.m */,
				229B1956199EFD36007B43A6 /* Main.storyboard */,
				229B1959199EFD36007B43A6 /* ViewController.h */,
				229B195A199EFD36007B43A6 /* ViewController.m */,
				229B195C199EFD36007B43A6 /* Images.xcassets */,
				229B194B199EFD36007B43A6 /* Supporting Files */,
			);
			path = week7;
			sourceTree = "<group>";
		};
		229B194B199EFD36007B43A6 /* Supporting Files */ = {
			isa = PBXGroup;
			children = (
				229B194C199EFD36007B43A6 /* week7-Info.plist */,
				229B194D199EFD36007B43A6 /* InfoPlist.strings */,
				229B1950199EFD36007B43A6 /* main.m */,
				229B1952199EFD36007B43A6 /* week7-Prefix.pch */,
			);
			name = "Supporting Files";
			sourceTree = "<group>";
		};
		229B1969199EFD36007B43A6 /* week7Tests */ = {
			isa = PBXGroup;
			children = (
				229B196F199EFD36007B43A6 /* week7Tests.m */,
				229B196A199EFD36007B43A6 /* Supporting Files */,
			);
			path = week7Tests;
			sourceTree = "<group>";
		};
		229B196A199EFD36007B43A6 /* Supporting Files */ = {
			isa = PBXGroup;
			children = (
				229B196B199EFD36007B43A6 /* week7Tests-Info.plist */,
				229B196C199EFD36007B43A6 /* InfoPlist.strings */,
			);
			name = "Supporting Files";
			sourceTree = "<group>";
		};
/* End PBXGroup section */

/* Begin PBXNativeTarget section */
		229B1940199EFD35007B43A6 /* week7 */ = {
			isa = PBXNativeTarget;
			buildConfigurationList = 229B1973199EFD36007B43A6 /* Build configuration list for PBXNativeTarget "week7" */;
			buildPhases = (
				229B193D199EFD35007B43A6 /* Sources */,
				229B193E199EFD35007B43A6 /* Frameworks */,
				229B193F199EFD35007B43A6 /* Resources */,
			);
			buildRules = (
			);
			dependencies = (
			);
			name = week7;
			productName = week7;
			productReference = 229B1941199EFD35007B43A6 /* week7.app */;
			productType = "com.apple.product-type.application";
		};
		229B1961199EFD36007B43A6 /* week7Tests */ = {
			isa = PBXNativeTarget;
			buildConfigurationList = 229B1976199EFD36007B43A6 /* Build configuration list for PBXNativeTarget "week7Tests" */;
			buildPhases = (
				229B195E199EFD36007B43A6 /* Sources */,
				229B195F199EFD36007B43A6 /* Frameworks */,
				229B1960199EFD36007B43A6 /* Resources */,
			);
			buildRules = (
			);
			dependencies = (
				229B1968199EFD36007B43A6 /* PBXTargetDependency */,
			);
			name = week7Tests;
			productName = week7Tests;
			productReference = 229B1962199EFD36007B43A6 /* week7Tests.xctest */;
			productType = "com.apple.product-type.bundle.unit-test";
		};
/* End PBXNativeTarget section */

/* Begin PBXProject section */
		229B1939199EFD35007B43A6 /* Project object */ = {
			isa = PBXProject;
			attributes = {
				LastUpgradeCheck = 0510;
				ORGANIZATIONNAME = msse652;
				TargetAttributes = {
					229B1961199EFD36007B43A6 = {
						TestTargetID = 229B1940199EFD35007B43A6;
					};
				};
			};
			buildConfigurationList = 229B193C199EFD35007B43A6 /* Build configuration list for PBXProject "week7" */;
			compatibilityVersion = "Xcode 3.2";
			developmentRegion = English;
			hasScannedForEncodings = 0;
			knownRegions = (
				en,
				Base,
			);
			mainGroup = 229B1938199EFD35007B43A6;
			productRefGroup = 229B1942199EFD35007B43A6 /* Products */;
			projectDirPath = "";
			projectRoot = "";
			targets = (
				229B1940199EFD35007B43A6 /* week7 */,
				229B1961199EFD36007B43A6 /* week7Tests */,
			);
		};
/* End PBXProject section */

/* Begin PBXResourcesBuildPhase section */
		229B193F199EFD35007B43A6 /* Resources */ = {
			isa = PBXResourcesBuildPhase;
			buildActionMask = 2147483647;
			files = (
				229B195D199EFD36007B43A6 /* Images.xcassets in Resources */,
				229B194F199EFD36007B43A6 /* InfoPlist.strings in Resources */,
				229B1958199EFD36007B43A6 /* Main.storyboard in Resources */,
			);
			runOnlyForDeploymentPostprocessing = 0;
		};
		229B1960199EFD36007B43A6 /* Resources */ = {
			isa = PBXResourcesBuildPhase;
			buildActionMask = 2147483647;
			files = (
				229B196E199EFD36007B43A6 /* InfoPlist.strings in Resources */,
			);
			runOnlyForDeploymentPostprocessing = 0;
		};
/* End PBXResourcesBuildPhase section */

/* Begin PBXSourcesBuildPhase section */
		229B193D199EFD35007B43A6 /* Sources */ = {
			isa = PBXSourcesBuildPhase;
			buildActionMask = 2147483647;
			files = (
				22FEE20C199EFFC00046DC74 /* ChatSvc.m in Sources */,
				229B195B199EFD36007B43A6 /* ViewController.m in Sources */,
				229B1955199EFD36007B43A6 /* AppDelegate.m in Sources */,
				229B1951199EFD36007B43A6 /* main.m in Sources */,
			);
			runOnlyForDeploymentPostprocessing = 0;
		};
		229B195E199EFD36007B43A6 /* Sources */ = {
			isa = PBXSourcesBuildPhase;
			buildActionMask = 2147483647;
			files = (
				229B1970199EFD36007B43A6 /* week7Tests.m in Sources */,
			);
			runOnlyForDeploymentPostprocessing = 0;
		};
/* End PBXSourcesBuildPhase section */

/* Begin PBXTargetDependency section */
		229B1968199EFD36007B43A6 /* PBXTargetDependency */ = {
			isa = PBXTargetDependency;
			target = 229B1940199EFD35007B43A6 /* week7 */;
			targetProxy = 229B1967199EFD36007B43A6 /* PBXContainerItemProxy */;
		};
/* End PBXTargetDependency section */

/* Begin PBXVariantGroup section */
		229B194D199EFD36007B43A6 /* InfoPlist.strings */ = {
			isa = PBXVariantGroup;
			children = (
				229B194E199EFD36007B43A6 /* en */,
			);
			name = InfoPlist.strings;
			sourceTree = "<group>";
		};
		229B1956199EFD36007B43A6 /* Main.storyboard */ = {
			isa = PBXVariantGroup;
			children = (
				229B1957199EFD36007B43A6 /* Base */,
			);
			name = Main.storyboard;
			sourceTree = "<group>";
		};
		229B196C199EFD36007B43A6 /* InfoPlist.strings */ = {
			isa = PBXVariantGroup;
			children = (
				229B196D199EFD36007B43A6 /* en */,
			);
			name = InfoPlist.strings;
			sourceTree = "<group>";
		};
/* End PBXVariantGroup section */

/* Begin XCBuildConfiguration section */
		229B1971199EFD36007B43A6 /* Debug */ = {
			isa = XCBuildConfiguration;
			buildSettings = {
				ALWAYS_SEARCH_USER_PATHS = NO;
				CLANG_CXX_LANGUAGE_STANDARD = "gnu++0x";
				CLANG_CXX_LIBRARY = "libc++";
				CLANG_ENABLE_MODULES = YES;
				CLANG_ENABLE_OBJC_ARC = YES;
				CLANG_WARN_BOOL_CONVERSION = YES;
				CLANG_WARN_CONSTANT_CONVERSION = YES;
				CLANG_WARN_DIRECT_OBJC_ISA_USAGE = YES_ERROR;
				CLANG_WARN_EMPTY_BODY = YES;
				CLANG_WARN_ENUM_CONVERSION = YES;
				CLANG_WARN_INT_CONVERSION = YES;
				CLANG_WARN_OBJC_ROOT_CLASS = YES_ERROR;
				CLANG_WARN__DUPLICATE_METHOD_MATCH = YES;
				"CODE_SIGN_IDENTITY[sdk=iphoneos*]" = "iPhone Developer";
				COPY_PHASE_STRIP = NO;
				GCC_C_LANGUAGE_STANDARD = gnu99;
				GCC_DYNAMIC_NO_PIC = NO;
				GCC_OPTIMIZATION_LEVEL = 0;
				GCC_PREPROCESSOR_DEFINITIONS = (
					"DEBUG=1",
					"$(inherited)",
				);
				GCC_SYMBOLS_PRIVATE_EXTERN = NO;
				GCC_WARN_64_TO_32_BIT_CONVERSION = YES;
				GCC_WARN_ABOUT_RETURN_TYPE = YES_ERROR;
				GCC_WARN_UNDECLARED_SELECTOR = YES;
				GCC_WARN_UNINITIALIZED_AUTOS = YES_AGGRESSIVE;
				GCC_WARN_UNUSED_FUNCTION = YES;
				GCC_WARN_UNUSED_VARIABLE = YES;
				IPHONEOS_DEPLOYMENT_TARGET = 6.1;
				ONLY_ACTIVE_ARCH = YES;
				SDKROOT = iphoneos;
			};
			name = Debug;
		};
		229B1972199EFD36007B43A6 /* Release */ = {
			isa = XCBuildConfiguration;
			buildSettings = {
				ALWAYS_SEARCH_USER_PATHS = NO;
				CLANG_CXX_LANGUAGE_STANDARD = "gnu++0x";
				CLANG_CXX_LIBRARY = "libc++";
				CLANG_ENABLE_MODULES = YES;
				CLANG_ENABLE_OBJC_ARC = YES;
				CLANG_WARN_BOOL_CONVERSION = YES;
				CLANG_WARN_CONSTANT_CONVERSION = YES;
				CLANG_WARN_DIRECT_OBJC_ISA_USAGE = YES_ERROR;
				CLANG_WARN_EMPTY_BODY = YES;
				CLANG_WARN_ENUM_CONVERSION = YES;
				CLANG_WARN_INT_CONVERSION = YES;
				CLANG_WARN_OBJC_ROOT_CLASS = YES_ERROR;
				CLANG_WARN__DUPLICATE_METHOD_MATCH = YES;
				"CODE_SIGN_IDENTITY[sdk=iphoneos*]" = "iPhone Developer";
				COPY_PHASE_STRIP = YES;
				ENABLE_NS_ASSERTIONS = NO;
				GCC_C_LANGUAGE_STANDARD = gnu99;
				GCC_WARN_64_TO_32_BIT_CONVERSION = YES;
				GCC_WARN_ABOUT_RETURN_TYPE = YES_ERROR;
				GCC_WARN_UNDECLARED_SELECTOR = YES;
				GCC_WARN_UNINITIALIZED_AUTOS = YES_AGGRESSIVE;
				GCC_WARN_UNUSED_FUNCTION = YES;
				GCC_WARN_UNUSED_VARIABLE = YES;
				IPHONEOS_DEPLOYMENT_TARGET = 6.1;
				SDKROOT = iphoneos;
				VALIDATE_PRODUCT = YES;
			};
			name = Release;
		};
		229B1974199EFD36007B43A6 /* Debug */ = {
			isa = XCBuildConfiguration;
			buildSettings = {
				ASSETCATALOG_COMPILER_APPICON_NAME = AppIcon;
				ASSETCATALOG_COMPILER_LAUNCHIMAGE_NAME = LaunchImage;
				GCC_PRECOMPILE_PREFIX_HEADER = YES;
				GCC_PREFIX_HEADER = "week7/week7-Prefix.pch";
				INFOPLIST_FILE = "week7/week7-Info.plist";
				IPHONEOS_DEPLOYMENT_TARGET = 6.1;
				PRODUCT_NAME = "$(TARGET_NAME)";
				WRAPPER_EXTENSION = app;
			};
			name = Debug;
		};
		229B1975199EFD36007B43A6 /* Release */ = {
			isa = XCBuildConfiguration;
			buildSettings = {
				ASSETCATALOG_COMPILER_APPICON_NAME = AppIcon;
				ASSETCATALOG_COMPILER_LAUNCHIMAGE_NAME = LaunchImage;
				GCC_PRECOMPILE_PREFIX_HEADER = YES;
				GCC_PREFIX_HEADER = "week7/week7-Prefix.pch";
				INFOPLIST_FILE = "week7/week7-Info.plist";
				IPHONEOS_DEPLOYMENT_TARGET = 6.1;
				PRODUCT_NAME = "$(TARGET_NAME)";
				WRAPPER_EXTENSION = app;
			};
			name = Release;
		};
		229B1977199EFD36007B43A6 /* Debug */ = {
			isa = XCBuildConfiguration;
			buildSettings = {
				BUNDLE_LOADER = "$(BUILT_PRODUCTS_DIR)/week7.app/week7";
				FRAMEWORK_SEARCH_PATHS = (
					"$(SDKROOT)/Developer/Library/Frameworks",
					"$(inherited)",
					"$(DEVELOPER_FRAMEWORKS_DIR)",
				);
				GCC_PRECOMPILE_PREFIX_HEADER = YES;
				GCC_PREFIX_HEADER = "week7/week7-Prefix.pch";
				GCC_PREPROCESSOR_DEFINITIONS = (
					"DEBUG=1",
					"$(inherited)",
				);
				INFOPLIST_FILE = "week7Tests/week7Tests-Info.plist";
				PRODUCT_NAME = "$(TARGET_NAME)";
				TEST_HOST = "$(BUNDLE_LOADER)";
				WRAPPER_EXTENSION = xctest;
			};
			name = Debug;
		};
		229B1978199EFD36007B43A6 /* Release */ = {
			isa = XCBuildConfiguration;
			buildSettings = {
				BUNDLE_LOADER = "$(BUILT_PRODUCTS_DIR)/week7.app/week7";
				FRAMEWORK_SEARCH_PATHS = (
					"$(SDKROOT)/Developer/Library/Frameworks",
					"$(inherited)",
					"$(DEVELOPER_FRAMEWORKS_DIR)",
				);
				GCC_PRECOMPILE_PREFIX_HEADER = YES;
				GCC_PREFIX_HEADER = "week7/week7-Prefix.pch";
				INFOPLIST_FILE = "week7Tests/week7Tests-Info.plist";
				PRODUCT_NAME = "$(TARGET_NAME)";
				TEST_HOST = "$(BUNDLE_LOADER)";
				WRAPPER_EXTENSION = xctest;
			};
			name = Release;
		};
/* End XCBuildConfiguration section */

/* Begin XCConfigurationList section */
		229B193C199EFD35007B43A6 /* Build configuration list for PBXProject "week7" */ = {
			isa = XCConfigurationList;
			buildConfigurations = (
				229B1971199EFD36007B43A6 /* Debug */,
				229B1972199EFD36007B43A6 /* Release */,
			);
			defaultConfigurationIsVisible = 0;
			defaultConfigurationName = Release;
		};
		229B1973199EFD36007B43A6 /* Build configuration list for PBXNativeTarget "week7" */ = {
			isa = XCConfigurationList;
			buildConfigurations = (
				229B1974199EFD36007B43A6 /* Debug */,
				229B1975199EFD36007B43A6 /* Release */,
			);
			defaultConfigurationIsVisible = 0;
			defaultConfigurationName = Release;
		};
		229B1976199EFD36007B43A6 /* Build configuration list for PBXNativeTarget "week7Tests" */ = {
			isa = XCConfigurationList;
			buildConfigurations = (
				229B1977199EFD36007B43A6 /* Debug */,
				229B1978199EFD36007B43A6 /* Release */,
			);
			defaultConfigurationIsVisible = 0;
			defaultConfigurationName = Release;
		};
/* End XCConfigurationList section */
	};
	rootObject = 229B1939199EFD35007B43A6 /* Project object */;
}
